
Microsoft Visual Studio Solution File, Format Version 12.00
# Visual Studio Version 17
VisualStudioVersion = 17.4.33213.308
MinimumVisualStudioVersion = 10.0.40219.1
Project("{9A19103F-16F7-4668-BE54-9A1E7A4F7556}") = "BeanSceneMVC", "BeanSceneMVC\BeanSceneMVC.csproj", "{115618EB-9FF1-405B-94E2-E262A7F371F4}"
EndProject
Project("{9A19103F-16F7-4668-BE54-9A1E7A4F7556}") = "BeanScene.Tests", "BeanScene.Tests\BeanScene.Tests.csproj", "{62AC5FA8-6618-46AC-9CA2-7E017F4D8A7F}"
EndProject
Global
	GlobalSection(SolutionConfigurationPlatforms) = preSolution
		Debug|Any CPU = Debug|Any CPU
		Release|Any CPU = Release|Any CPU
	EndGlobalSection
	GlobalSection(ProjectConfigurationPlatforms) = postSolution
		{115618EB-9FF1-405B-94E2-E262A7F371F4}.Debug|Any CPU.ActiveCfg = Debug|Any CPU
		{115618EB-9FF1-405B-94E2-E262A7F371F4}.Debug|Any CPU.Build.0 = Debug|Any CPU
		{115618EB-9FF1-405B-94E2-E262A7F371F4}.Release|Any CPU.ActiveCfg = Release|Any CPU
		{115618EB-9FF1-405B-94E2-E262A7F371F4}.Release|Any CPU.Build.0 = Release|Any CPU
		{62AC5FA8-6618-46AC-9CA2-7E017F4D8A7F}.Debug|Any CPU.ActiveCfg = Debug|Any CPU
		{62AC5FA8-6618-46AC-9CA2-7E017F4D8A7F}.Debug|Any CPU.Build.0 = Debug|Any CPU
		{62AC5FA8-6618-46AC-9CA2-7E017F4D8A7F}.Release|Any CPU.ActiveCfg = Release|Any CPU
		{62AC5FA8-6618-46AC-9CA2-7E017F4D8A7F}.Release|Any CPU.Build.0 = Release|Any CPU
	EndGlobalSection
	GlobalSection(SolutionProperties) = preSolution
		HideSolutionNode = FALSE
	EndGlobalSection
	GlobalSection(ExtensibilityGlobals) = postSolution
		SolutionGuid = {E66001B6-4650-4EC0-AB89-BAB5E3667AE5}
	EndGlobalSection
EndGlobal
